# This file was autogenerated by Stack.
# You should not edit this file by hand.
# For more information, please see the documentation at:
#   https://docs.haskellstack.org/en/stable/lock_files

packages:
- completed:
    hackage: diagnose-2.5.1@sha256:853fd268d7fe0191b79d73187104bf7b4bc5ce3bc3483cb088dc10b09f18abc8,5977
    pantry-tree:
      sha256: 99b2b3c2b2d3769ef45b030b0578ac7b3ce8b1b68ae7dd511857e7690ad19f52
      size: 1401
  original:
    hackage: diagnose-2.5.1
snapshots:
- completed:
    sha256: 0f7a7d3151007ae44d729aada39df3af6f2876c0787b754eebe895ae75634ec3
    size: 659084
    url: https://raw.githubusercontent.com/commercialhaskell/stackage-snapshots/master/nightly/2023/8/28.yaml
  original: nightly-2023-08-28
