# This file was autogenerated by Stack.
# You should not edit this file by hand.
# For more information, please see the documentation at:
#   https://docs.haskellstack.org/en/stable/lock_files

packages: []
snapshots:
- completed:
    sha256: d916c9e8ff5c95b38fb2fc5b25f2c3e35358dee76386c40fbbb27e579a36e9c6
    size: 605818
    url: https://raw.githubusercontent.com/commercialhaskell/stackage-snapshots/master/nightly/2024/12/13.yaml
  original: nightly-2024-12-13
