# This file was autogenerated by Stack.
# You should not edit this file by hand.
# For more information, please see the documentation at:
#   https://docs.haskellstack.org/en/stable/lock_files

packages:
- completed:
    hackage: log-effectful-1.0.1.0@sha256:79d1c821db1c1d95cf109f813f13a2588e45dbacb5f797eefc200ff7a5984923,2466
    pantry-tree:
      sha256: 5ab7c6b553ea50ce7b6218e86db9ff3632b0482dd00aaf749ebece93b968e0ca
      size: 326
  original:
    hackage: log-effectful-1.0.1.0@sha256:79d1c821db1c1d95cf109f813f13a2588e45dbacb5f797eefc200ff7a5984923,2466
snapshots:
- completed:
    sha256: d916c9e8ff5c95b38fb2fc5b25f2c3e35358dee76386c40fbbb27e579a36e9c6
    size: 605818
    url: https://raw.githubusercontent.com/commercialhaskell/stackage-snapshots/master/nightly/2024/12/13.yaml
  original: nightly-2024-12-13
